Microsoft Visual Studio Solution File, Format Version 12.00
# Visual Studio Version 17
VisualStudioVersion = 17.5.2.0
MinimumVisualStudioVersion = 10.0.40219.1
Project("{FAE04EC0-301F-11D3-BF4B-00C04F79EFBC}") = "ExpenseWiseApi", "ExpenseWiseApi.csproj", "{EBA45CC9-6DD9-F734-FDA6-B92597EB1BCB}"
EndProject
Global
	GlobalSection(SolutionConfigurationPlatforms) = preSolution
		Debug|Any CPU = Debug|Any CPU
		Release|Any CPU = Release|Any CPU
	EndGlobalSection
	GlobalSection(ProjectConfigurationPlatforms) = postSolution
		{EBA45CC9-6DD9-F734-FDA6-B92597EB1BCB}.Debug|Any CPU.ActiveCfg = Debug|Any CPU
		{EBA45CC9-6DD9-F734-FDA6-B92597EB1BCB}.Debug|Any CPU.Build.0 = Debug|Any CPU
		{EBA45CC9-6DD9-F734-FDA6-B92597EB1BCB}.Release|Any CPU.ActiveCfg = Release|Any CPU
		{EBA45CC9-6DD9-F734-FDA6-B92597EB1BCB}.Release|Any CPU.Build.0 = Release|Any CPU
	EndGlobalSection
	GlobalSection(SolutionProperties) = preSolution
		HideSolutionNode = FALSE
	EndGlobalSection
	GlobalSection(ExtensibilityGlobals) = postSolution
		SolutionGuid = {D6DB1A83-3CAB-4BD9-A3C7-BBA841C3266D}
	EndGlobalSection
EndGlobal
